
Microsoft Visual Studio Solution File, Format Version 12.00
# Visual Studio Version 17
VisualStudioVersion = 17.0.31903.59
MinimumVisualStudioVersion = 10.0.40219.1
Project("{FAE04EC0-301F-11D3-BF4B-00C04F79EFBC}") = "FileStorageService.Core", "FileStorageService.Core\FileStorageService.Core.csproj", "{081E00B2-47A3-40BB-9582-61DBABD1C084}"
EndProject
Project("{FAE04EC0-301F-11D3-BF4B-00C04F79EFBC}") = "FileStorageService.Infrastructure", "FileStorageService.Infrastructure\FileStorageService.Infrastructure.csproj", "{02C371CD-1C13-42D7-A1EF-B8BE20818DDD}"
EndProject
Project("{FAE04EC0-301F-11D3-BF4B-00C04F79EFBC}") = "FileStorageService.API", "FileStorageService.API\FileStorageService.API.csproj", "{7DEF0322-BBB7-4672-B21E-182CCA3E2B6B}"
EndProject
Global
	GlobalSection(SolutionConfigurationPlatforms) = preSolution
		Debug|Any CPU = Debug|Any CPU
		Release|Any CPU = Release|Any CPU
	EndGlobalSection
	GlobalSection(SolutionProperties) = preSolution
		HideSolutionNode = FALSE
	EndGlobalSection
	GlobalSection(ProjectConfigurationPlatforms) = postSolution
		{081E00B2-47A3-40BB-9582-61DBABD1C084}.Debug|Any CPU.ActiveCfg = Debug|Any CPU
		{081E00B2-47A3-40BB-9582-61DBABD1C084}.Debug|Any CPU.Build.0 = Debug|Any CPU
		{081E00B2-47A3-40BB-9582-61DBABD1C084}.Release|Any CPU.ActiveCfg = Release|Any CPU
		{081E00B2-47A3-40BB-9582-61DBABD1C084}.Release|Any CPU.Build.0 = Release|Any CPU
		{02C371CD-1C13-42D7-A1EF-B8BE20818DDD}.Debug|Any CPU.ActiveCfg = Debug|Any CPU
		{02C371CD-1C13-42D7-A1EF-B8BE20818DDD}.Debug|Any CPU.Build.0 = Debug|Any CPU
		{02C371CD-1C13-42D7-A1EF-B8BE20818DDD}.Release|Any CPU.ActiveCfg = Release|Any CPU
		{02C371CD-1C13-42D7-A1EF-B8BE20818DDD}.Release|Any CPU.Build.0 = Release|Any CPU
		{7DEF0322-BBB7-4672-B21E-182CCA3E2B6B}.Debug|Any CPU.ActiveCfg = Debug|Any CPU
		{7DEF0322-BBB7-4672-B21E-182CCA3E2B6B}.Debug|Any CPU.Build.0 = Debug|Any CPU
		{7DEF0322-BBB7-4672-B21E-182CCA3E2B6B}.Release|Any CPU.ActiveCfg = Release|Any CPU
		{7DEF0322-BBB7-4672-B21E-182CCA3E2B6B}.Release|Any CPU.Build.0 = Release|Any CPU
	EndGlobalSection
EndGlobal
